
Microsoft Visual Studio Solution File, Format Version 12.00
# Visual Studio 15
VisualStudioVersion = 15.0.27703.2035
MinimumVisualStudioVersion = 10.0.40219.1
Project("{FAE04EC0-301F-11D3-BF4B-00C04F79EFBC}") = "SQL_Test", "SQL_Test\SQL_Test.csproj", "{BFB9BC7A-83D3-40F0-95F4-E3297D03DFFA}"
EndProject
Project("{FAE04EC0-301F-11D3-BF4B-00C04F79EFBC}") = "WPF_Test", "WPF_Test\WPF_Test.csproj", "{7D039DF1-92BA-40B1-858D-196D12CCC073}"
EndProject
Project("{FAE04EC0-301F-11D3-BF4B-00C04F79EFBC}") = "Sally_DB_Table_Create", "Sally_DB_Table_Create\Sally_DB_Table_Create.csproj", "{E8BAE6B8-6288-4BCB-9F02-A93FC092DDA0}"
EndProject
Project("{FAE04EC0-301F-11D3-BF4B-00C04F79EFBC}") = "SUGANG_DB_Table_Create", "SUGANG_DB_Table_Create\SUGANG_DB_Table_Create.csproj", "{37BD4756-CBE6-485E-9918-1C65368F02D2}"
EndProject
Project("{FAE04EC0-301F-11D3-BF4B-00C04F79EFBC}") = "xLocalDB", "xLocalDB\xLocalDB.csproj", "{6ED346A0-2CEB-4FA3-BA11-1BF2E1E85F3C}"
EndProject
Project("{FAE04EC0-301F-11D3-BF4B-00C04F79EFBC}") = "RemoteDBTest", "RemoteDBTest\RemoteDBTest.csproj", "{852C723A-2974-4E24-B79A-54491E5FB620}"
EndProject
Project("{FAE04EC0-301F-11D3-BF4B-00C04F79EFBC}") = "xRemoteDB", "xRemoteDB\xRemoteDB.csproj", "{5669D050-CEE9-42FB-8260-4F98A4EFEBB3}"
EndProject
Project("{FAE04EC0-301F-11D3-BF4B-00C04F79EFBC}") = "MySQL_SUKANG_DB", "MySQL_SUKANG_DB\MySQL_SUKANG_DB.csproj", "{292BEFA4-D595-44C5-B13F-FBBDFBF4659D}"
EndProject
Project("{FAE04EC0-301F-11D3-BF4B-00C04F79EFBC}") = "JSON_Test", "JSON_Test\JSON_Test.csproj", "{1D77D7F8-6CB4-4D12-913C-25080F41312B}"
EndProject
Global
	GlobalSection(SolutionConfigurationPlatforms) = preSolution
		Debug|Any CPU = Debug|Any CPU
		Debug|x86 = Debug|x86
		Release|Any CPU = Release|Any CPU
		Release|x86 = Release|x86
	EndGlobalSection
	GlobalSection(ProjectConfigurationPlatforms) = postSolution
		{BFB9BC7A-83D3-40F0-95F4-E3297D03DFFA}.Debug|Any CPU.ActiveCfg = Debug|Any CPU
		{BFB9BC7A-83D3-40F0-95F4-E3297D03DFFA}.Debug|Any CPU.Build.0 = Debug|Any CPU
		{BFB9BC7A-83D3-40F0-95F4-E3297D03DFFA}.Debug|x86.ActiveCfg = Debug|Any CPU
		{BFB9BC7A-83D3-40F0-95F4-E3297D03DFFA}.Debug|x86.Build.0 = Debug|Any CPU
		{BFB9BC7A-83D3-40F0-95F4-E3297D03DFFA}.Release|Any CPU.ActiveCfg = Release|Any CPU
		{BFB9BC7A-83D3-40F0-95F4-E3297D03DFFA}.Release|Any CPU.Build.0 = Release|Any CPU
		{BFB9BC7A-83D3-40F0-95F4-E3297D03DFFA}.Release|x86.ActiveCfg = Release|Any CPU
		{BFB9BC7A-83D3-40F0-95F4-E3297D03DFFA}.Release|x86.Build.0 = Release|Any CPU
		{7D039DF1-92BA-40B1-858D-196D12CCC073}.Debug|Any CPU.ActiveCfg = Debug|Any CPU
		{7D039DF1-92BA-40B1-858D-196D12CCC073}.Debug|Any CPU.Build.0 = Debug|Any CPU
		{7D039DF1-92BA-40B1-858D-196D12CCC073}.Debug|x86.ActiveCfg = Debug|Any CPU
		{7D039DF1-92BA-40B1-858D-196D12CCC073}.Debug|x86.Build.0 = Debug|Any CPU
		{7D039DF1-92BA-40B1-858D-196D12CCC073}.Release|Any CPU.ActiveCfg = Release|Any CPU
		{7D039DF1-92BA-40B1-858D-196D12CCC073}.Release|Any CPU.Build.0 = Release|Any CPU
		{7D039DF1-92BA-40B1-858D-196D12CCC073}.Release|x86.ActiveCfg = Release|Any CPU
		{7D039DF1-92BA-40B1-858D-196D12CCC073}.Release|x86.Build.0 = Release|Any CPU
		{E8BAE6B8-6288-4BCB-9F02-A93FC092DDA0}.Debug|Any CPU.ActiveCfg = Debug|Any CPU
		{E8BAE6B8-6288-4BCB-9F02-A93FC092DDA0}.Debug|Any CPU.Build.0 = Debug|Any CPU
		{E8BAE6B8-6288-4BCB-9F02-A93FC092DDA0}.Debug|x86.ActiveCfg = Debug|Any CPU
		{E8BAE6B8-6288-4BCB-9F02-A93FC092DDA0}.Debug|x86.Build.0 = Debug|Any CPU
		{E8BAE6B8-6288-4BCB-9F02-A93FC092DDA0}.Release|Any CPU.ActiveCfg = Release|Any CPU
		{E8BAE6B8-6288-4BCB-9F02-A93FC092DDA0}.Release|Any CPU.Build.0 = Release|Any CPU
		{E8BAE6B8-6288-4BCB-9F02-A93FC092DDA0}.Release|x86.ActiveCfg = Release|Any CPU
		{E8BAE6B8-6288-4BCB-9F02-A93FC092DDA0}.Release|x86.Build.0 = Release|Any CPU
		{37BD4756-CBE6-485E-9918-1C65368F02D2}.Debug|Any CPU.ActiveCfg = Debug|Any CPU
		{37BD4756-CBE6-485E-9918-1C65368F02D2}.Debug|Any CPU.Build.0 = Debug|Any CPU
		{37BD4756-CBE6-485E-9918-1C65368F02D2}.Debug|x86.ActiveCfg = Debug|Any CPU
		{37BD4756-CBE6-485E-9918-1C65368F02D2}.Debug|x86.Build.0 = Debug|Any CPU
		{37BD4756-CBE6-485E-9918-1C65368F02D2}.Release|Any CPU.ActiveCfg = Release|Any CPU
		{37BD4756-CBE6-485E-9918-1C65368F02D2}.Release|Any CPU.Build.0 = Release|Any CPU
		{37BD4756-CBE6-485E-9918-1C65368F02D2}.Release|x86.ActiveCfg = Release|Any CPU
		{37BD4756-CBE6-485E-9918-1C65368F02D2}.Release|x86.Build.0 = Release|Any CPU
		{6ED346A0-2CEB-4FA3-BA11-1BF2E1E85F3C}.Debug|Any CPU.ActiveCfg = Debug|Any CPU
		{6ED346A0-2CEB-4FA3-BA11-1BF2E1E85F3C}.Debug|Any CPU.Build.0 = Debug|Any CPU
		{6ED346A0-2CEB-4FA3-BA11-1BF2E1E85F3C}.Debug|x86.ActiveCfg = Debug|Any CPU
		{6ED346A0-2CEB-4FA3-BA11-1BF2E1E85F3C}.Debug|x86.Build.0 = Debug|Any CPU
		{6ED346A0-2CEB-4FA3-BA11-1BF2E1E85F3C}.Release|Any CPU.ActiveCfg = Release|Any CPU
		{6ED346A0-2CEB-4FA3-BA11-1BF2E1E85F3C}.Release|Any CPU.Build.0 = Release|Any CPU
		{6ED346A0-2CEB-4FA3-BA11-1BF2E1E85F3C}.Release|x86.ActiveCfg = Release|Any CPU
		{6ED346A0-2CEB-4FA3-BA11-1BF2E1E85F3C}.Release|x86.Build.0 = Release|Any CPU
		{852C723A-2974-4E24-B79A-54491E5FB620}.Debug|Any CPU.ActiveCfg = Debug|Any CPU
		{852C723A-2974-4E24-B79A-54491E5FB620}.Debug|Any CPU.Build.0 = Debug|Any CPU
		{852C723A-2974-4E24-B79A-54491E5FB620}.Debug|x86.ActiveCfg = Debug|Any CPU
		{852C723A-2974-4E24-B79A-54491E5FB620}.Debug|x86.Build.0 = Debug|Any CPU
		{852C723A-2974-4E24-B79A-54491E5FB620}.Release|Any CPU.ActiveCfg = Release|Any CPU
		{852C723A-2974-4E24-B79A-54491E5FB620}.Release|Any CPU.Build.0 = Release|Any CPU
		{852C723A-2974-4E24-B79A-54491E5FB620}.Release|x86.ActiveCfg = Release|Any CPU
		{852C723A-2974-4E24-B79A-54491E5FB620}.Release|x86.Build.0 = Release|Any CPU
		{5669D050-CEE9-42FB-8260-4F98A4EFEBB3}.Debug|Any CPU.ActiveCfg = Debug|Any CPU
		{5669D050-CEE9-42FB-8260-4F98A4EFEBB3}.Debug|Any CPU.Build.0 = Debug|Any CPU
		{5669D050-CEE9-42FB-8260-4F98A4EFEBB3}.Debug|x86.ActiveCfg = Debug|Any CPU
		{5669D050-CEE9-42FB-8260-4F98A4EFEBB3}.Debug|x86.Build.0 = Debug|Any CPU
		{5669D050-CEE9-42FB-8260-4F98A4EFEBB3}.Release|Any CPU.ActiveCfg = Release|Any CPU
		{5669D050-CEE9-42FB-8260-4F98A4EFEBB3}.Release|Any CPU.Build.0 = Release|Any CPU
		{5669D050-CEE9-42FB-8260-4F98A4EFEBB3}.Release|x86.ActiveCfg = Release|Any CPU
		{5669D050-CEE9-42FB-8260-4F98A4EFEBB3}.Release|x86.Build.0 = Release|Any CPU
		{292BEFA4-D595-44C5-B13F-FBBDFBF4659D}.Debug|Any CPU.ActiveCfg = Debug|Any CPU
		{292BEFA4-D595-44C5-B13F-FBBDFBF4659D}.Debug|Any CPU.Build.0 = Debug|Any CPU
		{292BEFA4-D595-44C5-B13F-FBBDFBF4659D}.Debug|x86.ActiveCfg = Debug|Any CPU
		{292BEFA4-D595-44C5-B13F-FBBDFBF4659D}.Debug|x86.Build.0 = Debug|Any CPU
		{292BEFA4-D595-44C5-B13F-FBBDFBF4659D}.Release|Any CPU.ActiveCfg = Release|Any CPU
		{292BEFA4-D595-44C5-B13F-FBBDFBF4659D}.Release|Any CPU.Build.0 = Release|Any CPU
		{292BEFA4-D595-44C5-B13F-FBBDFBF4659D}.Release|x86.ActiveCfg = Release|Any CPU
		{292BEFA4-D595-44C5-B13F-FBBDFBF4659D}.Release|x86.Build.0 = Release|Any CPU
		{1D77D7F8-6CB4-4D12-913C-25080F41312B}.Debug|Any CPU.ActiveCfg = Debug|Any CPU
		{1D77D7F8-6CB4-4D12-913C-25080F41312B}.Debug|Any CPU.Build.0 = Debug|Any CPU
		{1D77D7F8-6CB4-4D12-913C-25080F41312B}.Debug|x86.ActiveCfg = Debug|Any CPU
		{1D77D7F8-6CB4-4D12-913C-25080F41312B}.Debug|x86.Build.0 = Debug|Any CPU
		{1D77D7F8-6CB4-4D12-913C-25080F41312B}.Release|Any CPU.ActiveCfg = Release|Any CPU
		{1D77D7F8-6CB4-4D12-913C-25080F41312B}.Release|Any CPU.Build.0 = Release|Any CPU
		{1D77D7F8-6CB4-4D12-913C-25080F41312B}.Release|x86.ActiveCfg = Release|Any CPU
		{1D77D7F8-6CB4-4D12-913C-25080F41312B}.Release|x86.Build.0 = Release|Any CPU
	EndGlobalSection
	GlobalSection(SolutionProperties) = preSolution
		HideSolutionNode = FALSE
	EndGlobalSection
	GlobalSection(ExtensibilityGlobals) = postSolution
		SolutionGuid = {255D8935-1153-4902-9894-D968D5930D50}
	EndGlobalSection
EndGlobal
